
Microsoft Visual Studio Solution File, Format Version 12.00
# Visual Studio 15
VisualStudioVersion = 15.0.27428.2015
MinimumVisualStudioVersion = 10.0.40219.1
Project("{FAE04EC0-301F-11D3-BF4B-00C04F79EFBC}") = "ConsoleApp1", "ConsoleApp1\ConsoleApp1.csproj", "{197EC526-6216-485D-9ADF-B0344F359CDE}"
EndProject
Global
	GlobalSection(SolutionConfigurationPlatforms) = preSolution
		Debug|Any CPU = Debug|Any CPU
		Release|Any CPU = Release|Any CPU
	EndGlobalSection
	GlobalSection(ProjectConfigurationPlatforms) = postSolution
		{197EC526-6216-485D-9ADF-B0344F359CDE}.Debug|Any CPU.ActiveCfg = Debug|Any CPU
		{197EC526-6216-485D-9ADF-B0344F359CDE}.Debug|Any CPU.Build.0 = Debug|Any CPU
		{197EC526-6216-485D-9ADF-B0344F359CDE}.Release|Any CPU.ActiveCfg = Release|Any CPU
		{197EC526-6216-485D-9ADF-B0344F359CDE}.Release|Any CPU.Build.0 = Release|Any CPU
	EndGlobalSection
	GlobalSection(SolutionProperties) = preSolution
		HideSolutionNode = FALSE
	EndGlobalSection
	GlobalSection(ExtensibilityGlobals) = postSolution
		SolutionGuid = {38C1BD56-4EF2-43C8-96F3-95D1758F2152}
	EndGlobalSection
EndGlobal
