
Microsoft Visual Studio Solution File, Format Version 12.00
# Visual Studio 15
VisualStudioVersion = 15.0.27428.2015
MinimumVisualStudioVersion = 10.0.40219.1
Project("{FAE04EC0-301F-11D3-BF4B-00C04F79EFBC}") = "Caesar Cipher", "Caesar Cipher\Caesar Cipher.csproj", "{0F81D2D1-FDF0-405B-A38A-DA5D371319CE}"
EndProject
Global
	GlobalSection(SolutionConfigurationPlatforms) = preSolution
		Debug|Any CPU = Debug|Any CPU
		Release|Any CPU = Release|Any CPU
	EndGlobalSection
	GlobalSection(ProjectConfigurationPlatforms) = postSolution
		{0F81D2D1-FDF0-405B-A38A-DA5D371319CE}.Debug|Any CPU.ActiveCfg = Debug|Any CPU
		{0F81D2D1-FDF0-405B-A38A-DA5D371319CE}.Debug|Any CPU.Build.0 = Debug|Any CPU
		{0F81D2D1-FDF0-405B-A38A-DA5D371319CE}.Release|Any CPU.ActiveCfg = Release|Any CPU
		{0F81D2D1-FDF0-405B-A38A-DA5D371319CE}.Release|Any CPU.Build.0 = Release|Any CPU
	EndGlobalSection
	GlobalSection(SolutionProperties) = preSolution
		HideSolutionNode = FALSE
	EndGlobalSection
	GlobalSection(ExtensibilityGlobals) = postSolution
		SolutionGuid = {5CCE7ED7-3E43-47D4-BA32-FBDAC020A3ED}
	EndGlobalSection
EndGlobal
